
Microsoft Visual Studio Solution File, Format Version 12.00
# Visual Studio 15
VisualStudioVersion = 15.0.27703.2047
MinimumVisualStudioVersion = 10.0.40219.1
Project("{FAE04EC0-301F-11D3-BF4B-00C04F79EFBC}") = "Chronic", "Chronic\Chronic.csproj", "{A75F918E-7BCE-4622-85DC-9D2759D10DE3}"
EndProject
Project("{FAE04EC0-301F-11D3-BF4B-00C04F79EFBC}") = "Chronic.Tests", "Chronic.Tests\Chronic.Tests.csproj", "{D81E77AB-E729-4348-9822-3F4A5066FE30}"
EndProject
Global
	GlobalSection(SolutionConfigurationPlatforms) = preSolution
		Debug|Any CPU = Debug|Any CPU
		Release|Any CPU = Release|Any CPU
	EndGlobalSection
	GlobalSection(ProjectConfigurationPlatforms) = postSolution
		{A75F918E-7BCE-4622-85DC-9D2759D10DE3}.Debug|Any CPU.ActiveCfg = Debug|Any CPU
		{A75F918E-7BCE-4622-85DC-9D2759D10DE3}.Debug|Any CPU.Build.0 = Debug|Any CPU
		{A75F918E-7BCE-4622-85DC-9D2759D10DE3}.Release|Any CPU.ActiveCfg = Release|Any CPU
		{A75F918E-7BCE-4622-85DC-9D2759D10DE3}.Release|Any CPU.Build.0 = Release|Any CPU
		{D81E77AB-E729-4348-9822-3F4A5066FE30}.Debug|Any CPU.ActiveCfg = Debug|Any CPU
		{D81E77AB-E729-4348-9822-3F4A5066FE30}.Debug|Any CPU.Build.0 = Debug|Any CPU
		{D81E77AB-E729-4348-9822-3F4A5066FE30}.Release|Any CPU.ActiveCfg = Release|Any CPU
		{D81E77AB-E729-4348-9822-3F4A5066FE30}.Release|Any CPU.Build.0 = Release|Any CPU
	EndGlobalSection
	GlobalSection(SolutionProperties) = preSolution
		HideSolutionNode = FALSE
	EndGlobalSection
	GlobalSection(ExtensibilityGlobals) = postSolution
		SolutionGuid = {EAC5DB33-9091-462E-89DE-140A86C6F0A1}
	EndGlobalSection
EndGlobal
